
Microsoft Visual Studio Solution File, Format Version 12.00
# Visual Studio 15
VisualStudioVersion = 15.0.27130.2027
MinimumVisualStudioVersion = 10.0.40219.1
Project("{F184B08F-C81C-45F6-A57F-5ABD9991F28F}") = "ExcelAddInCountdown", "ExcelAddInCountdown\ExcelAddInCountdown.vbproj", "{2372E075-1191-4FC8-B775-DE87F9CD7D86}"
EndProject
Global
	GlobalSection(SolutionConfigurationPlatforms) = preSolution
		Debug|Any CPU = Debug|Any CPU
		Release|Any CPU = Release|Any CPU
	EndGlobalSection
	GlobalSection(ProjectConfigurationPlatforms) = postSolution
		{2372E075-1191-4FC8-B775-DE87F9CD7D86}.Debug|Any CPU.ActiveCfg = Debug|Any CPU
		{2372E075-1191-4FC8-B775-DE87F9CD7D86}.Debug|Any CPU.Build.0 = Debug|Any CPU
		{2372E075-1191-4FC8-B775-DE87F9CD7D86}.Release|Any CPU.ActiveCfg = Release|Any CPU
		{2372E075-1191-4FC8-B775-DE87F9CD7D86}.Release|Any CPU.Build.0 = Release|Any CPU
	EndGlobalSection
	GlobalSection(SolutionProperties) = preSolution
		HideSolutionNode = FALSE
	EndGlobalSection
	GlobalSection(ExtensibilityGlobals) = postSolution
		SolutionGuid = {E4723199-F8C1-4354-B39E-0404F760DF89}
	EndGlobalSection
EndGlobal
